
Microsoft Visual Studio Solution File, Format Version 12.00
# Visual Studio Version 16
VisualStudioVersion = 16.0.29009.5
MinimumVisualStudioVersion = 10.0.40219.1
Project("{FAE04EC0-301F-11D3-BF4B-00C04F79EFBC}") = "HardcoreMode", "HardcoreMode.csproj", "{0863D9EC-2938-40A0-B9C5-BAD23636F52C}"
EndProject
Global
	GlobalSection(SolutionConfigurationPlatforms) = preSolution
		Debug|Any CPU = Debug|Any CPU
		Debug|x86 = Debug|x86
		Release|Any CPU = Release|Any CPU
		Release|x86 = Release|x86
	EndGlobalSection
	GlobalSection(ProjectConfigurationPlatforms) = postSolution
		{0863D9EC-2938-40A0-B9C5-BAD23636F52C}.Debug|Any CPU.ActiveCfg = Debug|Any CPU
		{0863D9EC-2938-40A0-B9C5-BAD23636F52C}.Debug|Any CPU.Build.0 = Debug|Any CPU
		{0863D9EC-2938-40A0-B9C5-BAD23636F52C}.Debug|x86.ActiveCfg = Debug|x86
		{0863D9EC-2938-40A0-B9C5-BAD23636F52C}.Debug|x86.Build.0 = Debug|x86
		{0863D9EC-2938-40A0-B9C5-BAD23636F52C}.Release|Any CPU.ActiveCfg = Release|Any CPU
		{0863D9EC-2938-40A0-B9C5-BAD23636F52C}.Release|Any CPU.Build.0 = Release|Any CPU
		{0863D9EC-2938-40A0-B9C5-BAD23636F52C}.Release|x86.ActiveCfg = Release|x86
		{0863D9EC-2938-40A0-B9C5-BAD23636F52C}.Release|x86.Build.0 = Release|x86
	EndGlobalSection
	GlobalSection(SolutionProperties) = preSolution
		HideSolutionNode = FALSE
	EndGlobalSection
	GlobalSection(ExtensibilityGlobals) = postSolution
		SolutionGuid = {21CF2C8D-F35D-4089-80DE-FF9785EF012C}
	EndGlobalSection
EndGlobal
